// !$*UTF8*$!
{
	archiveVersion = 1;
	classes = {
	};
	objectVersion = 46;
	objects = {

/* Begin PBXBuildFile section */
		0F0446E01CD43FC400592FA8 /* FinViewController.swift in Sources */ = {isa = PBXBuildFile; fileRef = 0F0446DF1CD43FC400592FA8 /* FinViewController.swift */; };
		0F48EDF51CD1880900340FCB /* AppDelegate.swift in Sources */ = {isa = PBXBuildFile; fileRef = 0F48EDF41CD1880900340FCB /* AppDelegate.swift */; };
		0F48EDF71CD1880900340FCB /* ViewController.swift in Sources */ = {isa = PBXBuildFile; fileRef = 0F48EDF61CD1880900340FCB /* ViewController.swift */; };
		0F48EDFA1CD1880900340FCB /* Main.storyboard in Resources */ = {isa = PBXBuildFile; fileRef = 0F48EDF81CD1880900340FCB /* Main.storyboard */; };
		0F48EDFC1CD1880A00340FCB /* Assets.xcassets in Resources */ = {isa = PBXBuildFile; fileRef = 0F48EDFB1CD1880A00340FCB /* Assets.xcassets */; };
		0F48EDFF1CD1880A00340FCB /* LaunchScreen.storyboard in Resources */ = {isa = PBXBuildFile; fileRef = 0F48EDFD1CD1880A00340FCB /* LaunchScreen.storyboard */; };
		0F48EE0A1CD1880A00340FCB /* OrdenPizzaTests.swift in Sources */ = {isa = PBXBuildFile; fileRef = 0F48EE091CD1880A00340FCB /* OrdenPizzaTests.swift */; };
		0F48EE151CD1880A00340FCB /* OrdenPizzaUITests.swift in Sources */ = {isa = PBXBuildFile; fileRef = 0F48EE141CD1880A00340FCB /* OrdenPizzaUITests.swift */; };
		0F48EE231CD2B45A00340FCB /* MasaViewController.swift in Sources */ = {isa = PBXBuildFile; fileRef = 0F48EE221CD2B45A00340FCB /* MasaViewController.swift */; };
		0F48EE251CD2B6D400340FCB /* QuesoViewController.swift in Sources */ = {isa = PBXBuildFile; fileRef = 0F48EE241CD2B6D400340FCB /* QuesoViewController.swift */; };
		0F48EE271CD2BCBA00340FCB /* AdicionalesViewController.swift in Sources */ = {isa = PBXBuildFile; fileRef = 0F48EE261CD2BCBA00340FCB /* AdicionalesViewController.swift */; };
		0F48EE291CD2C84C00340FCB /* ConfirmarViewController.swift in Sources */ = {isa = PBXBuildFile; fileRef = 0F48EE281CD2C84C00340FCB /* ConfirmarViewController.swift */; };
/* End PBXBuildFile section */

/* Begin PBXContainerItemProxy section */
		0F48EE061CD1880A00340FCB /* PBXContainerItemProxy */ = {
			isa = PBXContainerItemProxy;
			containerPortal = 0F48EDE91CD1880900340FCB /* Project object */;
			proxyType = 1;
			remoteGlobalIDString = 0F48EDF01CD1880900340FCB;
			remoteInfo = OrdenPizza;
		};
		0F48EE111CD1880A00340FCB /* PBXContainerItemProxy */ = {
			isa = PBXContainerItemProxy;
			containerPortal = 0F48EDE91CD1880900340FCB /* Project object */;
			proxyType = 1;
			remoteGlobalIDString = 0F48EDF01CD1880900340FCB;
			remoteInfo = OrdenPizza;
		};
/* End PBXContainerItemProxy section */

/* Begin PBXFileReference section */
		0F0446DF1CD43FC400592FA8 /* FinViewController.swift */ = {isa = PBXFileReference; fileEncoding = 4; lastKnownFileType = sourcecode.swift; path = FinViewController.swift; sourceTree = "<group>"; };
		0F48EDF11CD1880900340FCB /* OrdenPizza.app */ = {isa = PBXFileReference; explicitFileType = wrapper.application; includeInIndex = 0; path = OrdenPizza.app; sourceTree = BUILT_PRODUCTS_DIR; };
		0F48EDF41CD1880900340FCB /* AppDelegate.swift */ = {isa = PBXFileReference; lastKnownFileType = sourcecode.swift; path = AppDelegate.swift; sourceTree = "<group>"; };
		0F48EDF61CD1880900340FCB /* ViewController.swift */ = {isa = PBXFileReference; lastKnownFileType = sourcecode.swift; path = ViewController.swift; sourceTree = "<group>"; };
		0F48EDF91CD1880900340FCB /* Base */ = {isa = PBXFileReference; lastKnownFileType = file.storyboard; name = Base; path = Base.lproj/Main.storyboard; sourceTree = "<group>"; };
		0F48EDFB1CD1880A00340FCB /* Assets.xcassets */ = {isa = PBXFileReference; lastKnownFileType = folder.assetcatalog; path = Assets.xcassets; sourceTree = "<group>"; };
		0F48EDFE1CD1880A00340FCB /* Base */ = {isa = PBXFileReference; lastKnownFileType = file.storyboard; name = Base; path = Base.lproj/LaunchScreen.storyboard; sourceTree = "<group>"; };
		0F48EE001CD1880A00340FCB /* Info.plist */ = {isa = PBXFileReference; lastKnownFileType = text.plist.xml; path = Info.plist; sourceTree = "<group>"; };
		0F48EE051CD1880A00340FCB /* OrdenPizzaTests.xctest */ = {isa = PBXFileReference; explicitFileType = wrapper.cfbundle; includeInIndex = 0; path = OrdenPizzaTests.xctest; sourceTree = BUILT_PRODUCTS_DIR; };
		0F48EE091CD1880A00340FCB /* OrdenPizzaTests.swift */ = {isa = PBXFileReference; lastKnownFileType = sourcecode.swift; path = OrdenPizzaTests.swift; sourceTree = "<group>"; };
		0F48EE0B1CD1880A00340FCB /* Info.plist */ = {isa = PBXFileReference; lastKnownFileType = text.plist.xml; path = Info.plist; sourceTree = "<group>"; };
		0F48EE101CD1880A00340FCB /* OrdenPizzaUITests.xctest */ = {isa = PBXFileReference; explicitFileType = wrapper.cfbundle; includeInIndex = 0; path = OrdenPizzaUITests.xctest; sourceTree = BUILT_PRODUCTS_DIR; };
		0F48EE141CD1880A00340FCB /* OrdenPizzaUITests.swift */ = {isa = PBXFileReference; lastKnownFileType = sourcecode.swift; path = OrdenPizzaUITests.swift; sourceTree = "<group>"; };
		0F48EE161CD1880A00340FCB /* Info.plist */ = {isa = PBXFileReference; lastKnownFileType = text.plist.xml; path = Info.plist; sourceTree = "<group>"; };
		0F48EE221CD2B45A00340FCB /* MasaViewController.swift */ = {isa = PBXFileReference; fileEncoding = 4; lastKnownFileType = sourcecode.swift; path = MasaViewController.swift; sourceTree = "<group>"; };
		0F48EE241CD2B6D400340FCB /* QuesoViewController.swift */ = {isa = PBXFileReference; fileEncoding = 4; lastKnownFileType = sourcecode.swift; path = QuesoViewController.swift; sourceTree = "<group>"; };
		0F48EE261CD2BCBA00340FCB /* AdicionalesViewController.swift */ = {isa = PBXFileReference; fileEncoding = 4; lastKnownFileType = sourcecode.swift; path = AdicionalesViewController.swift; sourceTree = "<group>"; };
		0F48EE281CD2C84C00340FCB /* ConfirmarViewController.swift */ = {isa = PBXFileReference; fileEncoding = 4; lastKnownFileType = sourcecode.swift; path = ConfirmarViewController.swift; sourceTree = "<group>"; };
/* End PBXFileReference section */

/* Begin PBXFrameworksBuildPhase section */
		0F48EDEE1CD1880900340FCB /* Frameworks */ = {
			isa = PBXFrameworksBuildPhase;
			buildActionMask = 2147483647;
			files = (
			);
			runOnlyForDeploymentPostprocessing = 0;
		};
		0F48EE021CD1880A00340FCB /* Frameworks */ = {
			isa = PBXFrameworksBuildPhase;
			buildActionMask = 2147483647;
			files = (
			);
			runOnlyForDeploymentPostprocessing = 0;
		};
		0F48EE0D1CD1880A00340FCB /* Frameworks */ = {
			isa = PBXFrameworksBuildPhase;
			buildActionMask = 2147483647;
			files = (
			);
			runOnlyForDeploymentPostprocessing = 0;
		};
/* End PBXFrameworksBuildPhase section */

/* Begin PBXGroup section */
		0F48EDE81CD1880900340FCB = {
			isa = PBXGroup;
			children = (
				0F48EDF31CD1880900340FCB /* OrdenPizza */,
				0F48EE081CD1880A00340FCB /* OrdenPizzaTests */,
				0F48EE131CD1880A00340FCB /* OrdenPizzaUITests */,
				0F48EDF21CD1880900340FCB /* Products */,
			);
			sourceTree = "<group>";
		};
		0F48EDF21CD1880900340FCB /* Products */ = {
			isa = PBXGroup;
			children = (
				0F48EDF11CD1880900340FCB /* OrdenPizza.app */,
				0F48EE051CD1880A00340FCB /* OrdenPizzaTests.xctest */,
				0F48EE101CD1880A00340FCB /* OrdenPizzaUITests.xctest */,
			);
			name = Products;
			sourceTree = "<group>";
		};
		0F48EDF31CD1880900340FCB /* OrdenPizza */ = {
			isa = PBXGroup;
			children = (
				0F48EDF41CD1880900340FCB /* AppDelegate.swift */,
				0F48EDF61CD1880900340FCB /* ViewController.swift */,
				0F48EDF81CD1880900340FCB /* Main.storyboard */,
				0F48EDFB1CD1880A00340FCB /* Assets.xcassets */,
				0F48EE221CD2B45A00340FCB /* MasaViewController.swift */,
				0F48EE241CD2B6D400340FCB /* QuesoViewController.swift */,
				0F48EE261CD2BCBA00340FCB /* AdicionalesViewController.swift */,
				0F0446DF1CD43FC400592FA8 /* FinViewController.swift */,
				0F48EE281CD2C84C00340FCB /* ConfirmarViewController.swift */,
				0F48EDFD1CD1880A00340FCB /* LaunchScreen.storyboard */,
				0F48EE001CD1880A00340FCB /* Info.plist */,
			);
			path = OrdenPizza;
			sourceTree = "<group>";
		};
		0F48EE081CD1880A00340FCB /* OrdenPizzaTests */ = {
			isa = PBXGroup;
			children = (
				0F48EE091CD1880A00340FCB /* OrdenPizzaTests.swift */,
				0F48EE0B1CD1880A00340FCB /* Info.plist */,
			);
			path = OrdenPizzaTests;
			sourceTree = "<group>";
		};
		0F48EE131CD1880A00340FCB /* OrdenPizzaUITests */ = {
			isa = PBXGroup;
			children = (
				0F48EE141CD1880A00340FCB /* OrdenPizzaUITests.swift */,
				0F48EE161CD1880A00340FCB /* Info.plist */,
			);
			path = OrdenPizzaUITests;
			sourceTree = "<group>";
		};
/* End PBXGroup section */

/* Begin PBXNativeTarget section */
		0F48EDF01CD1880900340FCB /* OrdenPizza */ = {
			isa = PBXNativeTarget;
			buildConfigurationList = 0F48EE191CD1880A00340FCB /* Build configuration list for PBXNativeTarget "OrdenPizza" */;
			buildPhases = (
				0F48EDED1CD1880900340FCB /* Sources */,
				0F48EDEE1CD1880900340FCB /* Frameworks */,
				0F48EDEF1CD1880900340FCB /* Resources */,
			);
			buildRules = (
			);
			dependencies = (
			);
			name = OrdenPizza;
			productName = OrdenPizza;
			productReference = 0F48EDF11CD1880900340FCB /* OrdenPizza.app */;
			productType = "com.apple.product-type.application";
		};
		0F48EE041CD1880A00340FCB /* OrdenPizzaTests */ = {
			isa = PBXNativeTarget;
			buildConfigurationList = 0F48EE1C1CD1880A00340FCB /* Build configuration list for PBXNativeTarget "OrdenPizzaTests" */;
			buildPhases = (
				0F48EE011CD1880A00340FCB /* Sources */,
				0F48EE021CD1880A00340FCB /* Frameworks */,
				0F48EE031CD1880A00340FCB /* Resources */,
			);
			buildRules = (
			);
			dependencies = (
				0F48EE071CD1880A00340FCB /* PBXTargetDependency */,
			);
			name = OrdenPizzaTests;
			productName = OrdenPizzaTests;
			productReference = 0F48EE051CD1880A00340FCB /* OrdenPizzaTests.xctest */;
			productType = "com.apple.product-type.bundle.unit-test";
		};
		0F48EE0F1CD1880A00340FCB /* OrdenPizzaUITests */ = {
			isa = PBXNativeTarget;
			buildConfigurationList = 0F48EE1F1CD1880A00340FCB /* Build configuration list for PBXNativeTarget "OrdenPizzaUITests" */;
			buildPhases = (
				0F48EE0C1CD1880A00340FCB /* Sources */,
				0F48EE0D1CD1880A00340FCB /* Frameworks */,
				0F48EE0E1CD1880A00340FCB /* Resources */,
			);
			buildRules = (
			);
			dependencies = (
				0F48EE121CD1880A00340FCB /* PBXTargetDependency */,
			);
			name = OrdenPizzaUITests;
			productName = OrdenPizzaUITests;
			productReference = 0F48EE101CD1880A00340FCB /* OrdenPizzaUITests.xctest */;
			productType = "com.apple.product-type.bundle.ui-testing";
		};
/* End PBXNativeTarget section */

/* Begin PBXProject section */
		0F48EDE91CD1880900340FCB /* Project object */ = {
			isa = PBXProject;
			attributes = {
				LastSwiftUpdateCheck = 0730;
				LastUpgradeCheck = 0730;
				ORGANIZATIONNAME = "Jonathan Silva";
				TargetAttributes = {
					0F48EDF01CD1880900340FCB = {
						CreatedOnToolsVersion = 7.3;
						DevelopmentTeam = FQT746D4LY;
					};
					0F48EE041CD1880A00340FCB = {
						CreatedOnToolsVersion = 7.3;
						DevelopmentTeam = FQT746D4LY;
						TestTargetID = 0F48EDF01CD1880900340FCB;
					};
					0F48EE0F1CD1880A00340FCB = {
						CreatedOnToolsVersion = 7.3;
						DevelopmentTeam = FQT746D4LY;
						TestTargetID = 0F48EDF01CD1880900340FCB;
					};
				};
			};
			buildConfigurationList = 0F48EDEC1CD1880900340FCB /* Build configuration list for PBXProject "OrdenPizza" */;
			compatibilityVersion = "Xcode 3.2";
			developmentRegion = English;
			hasScannedForEncodings = 0;
			knownRegions = (
				en,
				Base,
			);
			mainGroup = 0F48EDE81CD1880900340FCB;
			productRefGroup = 0F48EDF21CD1880900340FCB /* Products */;
			projectDirPath = "";
			projectRoot = "";
			targets = (
				0F48EDF01CD1880900340FCB /* OrdenPizza */,
				0F48EE041CD1880A00340FCB /* OrdenPizzaTests */,
				0F48EE0F1CD1880A00340FCB /* OrdenPizzaUITests */,
			);
		};
/* End PBXProject section */

/* Begin PBXResourcesBuildPhase section */
		0F48EDEF1CD1880900340FCB /* Resources */ = {
			isa = PBXResourcesBuildPhase;
			buildActionMask = 2147483647;
			files = (
				0F48EDFF1CD1880A00340FCB /* LaunchScreen.storyboard in Resources */,
				0F48EDFC1CD1880A00340FCB /* Assets.xcassets in Resources */,
				0F48EDFA1CD1880900340FCB /* Main.storyboard in Resources */,
			);
			runOnlyForDeploymentPostprocessing = 0;
		};
		0F48EE031CD1880A00340FCB /* Resources */ = {
			isa = PBXResourcesBuildPhase;
			buildActionMask = 2147483647;
			files = (
			);
			runOnlyForDeploymentPostprocessing = 0;
		};
		0F48EE0E1CD1880A00340FCB /* Resources */ = {
			isa = PBXResourcesBuildPhase;
			buildActionMask = 2147483647;
			files = (
			);
			runOnlyForDeploymentPostprocessing = 0;
		};
/* End PBXResourcesBuildPhase section */

/* Begin PBXSourcesBuildPhase section */
		0F48EDED1CD1880900340FCB /* Sources */ = {
			isa = PBXSourcesBuildPhase;
			buildActionMask = 2147483647;
			files = (
				0F48EE251CD2B6D400340FCB /* QuesoViewController.swift in Sources */,
				0F48EE231CD2B45A00340FCB /* MasaViewController.swift in Sources */,
				0F0446E01CD43FC400592FA8 /* FinViewController.swift in Sources */,
				0F48EE291CD2C84C00340FCB /* ConfirmarViewController.swift in Sources */,
				0F48EDF71CD1880900340FCB /* ViewController.swift in Sources */,
				0F48EE271CD2BCBA00340FCB /* AdicionalesViewController.swift in Sources */,
				0F48EDF51CD1880900340FCB /* AppDelegate.swift in Sources */,
			);
			runOnlyForDeploymentPostprocessing = 0;
		};
		0F48EE011CD1880A00340FCB /* Sources */ = {
			isa = PBXSourcesBuildPhase;
			buildActionMask = 2147483647;
			files = (
				0F48EE0A1CD1880A00340FCB /* OrdenPizzaTests.swift in Sources */,
			);
			runOnlyForDeploymentPostprocessing = 0;
		};
		0F48EE0C1CD1880A00340FCB /* Sources */ = {
			isa = PBXSourcesBuildPhase;
			buildActionMask = 2147483647;
			files = (
				0F48EE151CD1880A00340FCB /* OrdenPizzaUITests.swift in Sources */,
			);
			runOnlyForDeploymentPostprocessing = 0;
		};
/* End PBXSourcesBuildPhase section */

/* Begin PBXTargetDependency section */
		0F48EE071CD1880A00340FCB /* PBXTargetDependency */ = {
			isa = PBXTargetDependency;
			target = 0F48EDF01CD1880900340FCB /* OrdenPizza */;
			targetProxy = 0F48EE061CD1880A00340FCB /* PBXContainerItemProxy */;
		};
		0F48EE121CD1880A00340FCB /* PBXTargetDependency */ = {
			isa = PBXTargetDependency;
			target = 0F48EDF01CD1880900340FCB /* OrdenPizza */;
			targetProxy = 0F48EE111CD1880A00340FCB /* PBXContainerItemProxy */;
		};
/* End PBXTargetDependency section */

/* Begin PBXVariantGroup section */
		0F48EDF81CD1880900340FCB /* Main.storyboard */ = {
			isa = PBXVariantGroup;
			children = (
				0F48EDF91CD1880900340FCB /* Base */,
			);
			name = Main.storyboard;
			sourceTree = "<group>";
		};
		0F48EDFD1CD1880A00340FCB /* LaunchScreen.storyboard */ = {
			isa = PBXVariantGroup;
			children = (
				0F48EDFE1CD1880A00340FCB /* Base */,
			);
			name = LaunchScreen.storyboard;
			sourceTree = "<group>";
		};
/* End PBXVariantGroup section */

/* Begin XCBuildConfiguration section */
		0F48EE171CD1880A00340FCB /* Debug */ = {
			isa = XCBuildConfiguration;
			buildSettings = {
				ALWAYS_SEARCH_USER_PATHS = NO;
				CLANG_ANALYZER_NONNULL = YES;
				CLANG_CXX_LANGUAGE_STANDARD = "gnu++0x";
				CLANG_CXX_LIBRARY = "libc++";
				CLANG_ENABLE_MODULES = YES;
				CLANG_ENABLE_OBJC_ARC = YES;
				CLANG_WARN_BOOL_CONVERSION = YES;
				CLANG_WARN_CONSTANT_CONVERSION = YES;
				CLANG_WARN_DIRECT_OBJC_ISA_USAGE = YES_ERROR;
				CLANG_WARN_EMPTY_BODY = YES;
				CLANG_WARN_ENUM_CONVERSION = YES;
				CLANG_WARN_INT_CONVERSION = YES;
				CLANG_WARN_OBJC_ROOT_CLASS = YES_ERROR;
				CLANG_WARN_UNREACHABLE_CODE = YES;
				CLANG_WARN__DUPLICATE_METHOD_MATCH = YES;
				"CODE_SIGN_IDENTITY[sdk=iphoneos*]" = "iPhone Developer";
				COPY_PHASE_STRIP = NO;
				DEBUG_INFORMATION_FORMAT = dwarf;
				ENABLE_STRICT_OBJC_MSGSEND = YES;
				ENABLE_TESTABILITY = YES;
				GCC_C_LANGUAGE_STANDARD = gnu99;
				GCC_DYNAMIC_NO_PIC = NO;
				GCC_NO_COMMON_BLOCKS = YES;
				GCC_OPTIMIZATION_LEVEL = 0;
				GCC_PREPROCESSOR_DEFINITIONS = (
					"DEBUG=1",
					"$(inherited)",
				);
				GCC_WARN_64_TO_32_BIT_CONVERSION = YES;
				GCC_WARN_ABOUT_RETURN_TYPE = YES_ERROR;
				GCC_WARN_UNDECLARED_SELECTOR = YES;
				GCC_WARN_UNINITIALIZED_AUTOS = YES_AGGRESSIVE;
				GCC_WARN_UNUSED_FUNCTION = YES;
				GCC_WARN_UNUSED_VARIABLE = YES;
				IPHONEOS_DEPLOYMENT_TARGET = 9.3;
				MTL_ENABLE_DEBUG_INFO = YES;
				ONLY_ACTIVE_ARCH = YES;
				SDKROOT = iphoneos;
				SWIFT_OPTIMIZATION_LEVEL = "-Onone";
				TARGETED_DEVICE_FAMILY = "1,2";
			};
			name = Debug;
		};
		0F48EE181CD1880A00340FCB /* Release */ = {
			isa = XCBuildConfiguration;
			buildSettings = {
				ALWAYS_SEARCH_USER_PATHS = NO;
				CLANG_ANALYZER_NONNULL = YES;
				CLANG_CXX_LANGUAGE_STANDARD = "gnu++0x";
				CLANG_CXX_LIBRARY = "libc++";
				CLANG_ENABLE_MODULES = YES;
				CLANG_ENABLE_OBJC_ARC = YES;
				CLANG_WARN_BOOL_CONVERSION = YES;
				CLANG_WARN_CONSTANT_CONVERSION = YES;
				CLANG_WARN_DIRECT_OBJC_ISA_USAGE = YES_ERROR;
				CLANG_WARN_EMPTY_BODY = YES;
				CLANG_WARN_ENUM_CONVERSION = YES;
				CLANG_WARN_INT_CONVERSION = YES;
				CLANG_WARN_OBJC_ROOT_CLASS = YES_ERROR;
				CLANG_WARN_UNREACHABLE_CODE = YES;
				CLANG_WARN__DUPLICATE_METHOD_MATCH = YES;
				"CODE_SIGN_IDENTITY[sdk=iphoneos*]" = "iPhone Developer";
				COPY_PHASE_STRIP = NO;
				DEBUG_INFORMATION_FORMAT = "dwarf-with-dsym";
				ENABLE_NS_ASSERTIONS = NO;
				ENABLE_STRICT_OBJC_MSGSEND = YES;
				GCC_C_LANGUAGE_STANDARD = gnu99;
				GCC_NO_COMMON_BLOCKS = YES;
				GCC_WARN_64_TO_32_BIT_CONVERSION = YES;
				GCC_WARN_ABOUT_RETURN_TYPE = YES_ERROR;
				GCC_WARN_UNDECLARED_SELECTOR = YES;
				GCC_WARN_UNINITIALIZED_AUTOS = YES_AGGRESSIVE;
				GCC_WARN_UNUSED_FUNCTION = YES;
				GCC_WARN_UNUSED_VARIABLE = YES;
				IPHONEOS_DEPLOYMENT_TARGET = 9.3;
				MTL_ENABLE_DEBUG_INFO = NO;
				SDKROOT = iphoneos;
				TARGETED_DEVICE_FAMILY = "1,2";
				VALIDATE_PRODUCT = YES;
			};
			name = Release;
		};
		0F48EE1A1CD1880A00340FCB /* Debug */ = {
			isa = XCBuildConfiguration;
			buildSettings = {
				ASSETCATALOG_COMPILER_APPICON_NAME = AppIcon;
				INFOPLIST_FILE = OrdenPizza/Info.plist;
				LD_RUNPATH_SEARCH_PATHS = "$(inherited) @executable_path/Frameworks";
				PRODUCT_BUNDLE_IDENTIFIER = HellsingOrg.OrdenPizza;
				PRODUCT_NAME = "$(TARGET_NAME)";
			};
			name = Debug;
		};
		0F48EE1B1CD1880A00340FCB /* Release */ = {
			isa = XCBuildConfiguration;
			buildSettings = {
				ASSETCATALOG_COMPILER_APPICON_NAME = AppIcon;
				INFOPLIST_FILE = OrdenPizza/Info.plist;
				LD_RUNPATH_SEARCH_PATHS = "$(inherited) @executable_path/Frameworks";
				PRODUCT_BUNDLE_IDENTIFIER = HellsingOrg.OrdenPizza;
				PRODUCT_NAME = "$(TARGET_NAME)";
			};
			name = Release;
		};
		0F48EE1D1CD1880A00340FCB /* Debug */ = {
			isa = XCBuildConfiguration;
			buildSettings = {
				BUNDLE_LOADER = "$(TEST_HOST)";
				INFOPLIST_FILE = OrdenPizzaTests/Info.plist;
				LD_RUNPATH_SEARCH_PATHS = "$(inherited) @executable_path/Frameworks @loader_path/Frameworks";
				PRODUCT_BUNDLE_IDENTIFIER = HellsingOrg.OrdenPizzaTests;
				PRODUCT_NAME = "$(TARGET_NAME)";
				TEST_HOST = "$(BUILT_PRODUCTS_DIR)/OrdenPizza.app/OrdenPizza";
			};
			name = Debug;
		};
		0F48EE1E1CD1880A00340FCB /* Release */ = {
			isa = XCBuildConfiguration;
			buildSettings = {
				BUNDLE_LOADER = "$(TEST_HOST)";
				INFOPLIST_FILE = OrdenPizzaTests/Info.plist;
				LD_RUNPATH_SEARCH_PATHS = "$(inherited) @executable_path/Frameworks @loader_path/Frameworks";
				PRODUCT_BUNDLE_IDENTIFIER = HellsingOrg.OrdenPizzaTests;
				PRODUCT_NAME = "$(TARGET_NAME)";
				TEST_HOST = "$(BUILT_PRODUCTS_DIR)/OrdenPizza.app/OrdenPizza";
			};
			name = Release;
		};
		0F48EE201CD1880A00340FCB /* Debug */ = {
			isa = XCBuildConfiguration;
			buildSettings = {
				INFOPLIST_FILE = OrdenPizzaUITests/Info.plist;
				LD_RUNPATH_SEARCH_PATHS = "$(inherited) @executable_path/Frameworks @loader_path/Frameworks";
				PRODUCT_BUNDLE_IDENTIFIER = HellsingOrg.OrdenPizzaUITests;
				PRODUCT_NAME = "$(TARGET_NAME)";
				TEST_TARGET_NAME = OrdenPizza;
			};
			name = Debug;
		};
		0F48EE211CD1880A00340FCB /* Release */ = {
			isa = XCBuildConfiguration;
			buildSettings = {
				INFOPLIST_FILE = OrdenPizzaUITests/Info.plist;
				LD_RUNPATH_SEARCH_PATHS = "$(inherited) @executable_path/Frameworks @loader_path/Frameworks";
				PRODUCT_BUNDLE_IDENTIFIER = HellsingOrg.OrdenPizzaUITests;
				PRODUCT_NAME = "$(TARGET_NAME)";
				TEST_TARGET_NAME = OrdenPizza;
			};
			name = Release;
		};
/* End XCBuildConfiguration section */

/* Begin XCConfigurationList section */
		0F48EDEC1CD1880900340FCB /* Build configuration list for PBXProject "OrdenPizza" */ = {
			isa = XCConfigurationList;
			buildConfigurations = (
				0F48EE171CD1880A00340FCB /* Debug */,
				0F48EE181CD1880A00340FCB /* Release */,
			);
			defaultConfigurationIsVisible = 0;
			defaultConfigurationName = Release;
		};
		0F48EE191CD1880A00340FCB /* Build configuration list for PBXNativeTarget "OrdenPizza" */ = {
			isa = XCConfigurationList;
			buildConfigurations = (
				0F48EE1A1CD1880A00340FCB /* Debug */,
				0F48EE1B1CD1880A00340FCB /* Release */,
			);
			defaultConfigurationIsVisible = 0;
			defaultConfigurationName = Release;
		};
		0F48EE1C1CD1880A00340FCB /* Build configuration list for PBXNativeTarget "OrdenPizzaTests" */ = {
			isa = XCConfigurationList;
			buildConfigurations = (
				0F48EE1D1CD1880A00340FCB /* Debug */,
				0F48EE1E1CD1880A00340FCB /* Release */,
			);
			defaultConfigurationIsVisible = 0;
			defaultConfigurationName = Release;
		};
		0F48EE1F1CD1880A00340FCB /* Build configuration list for PBXNativeTarget "OrdenPizzaUITests" */ = {
			isa = XCConfigurationList;
			buildConfigurations = (
				0F48EE201CD1880A00340FCB /* Debug */,
				0F48EE211CD1880A00340FCB /* Release */,
			);
			defaultConfigurationIsVisible = 0;
			defaultConfigurationName = Release;
		};
/* End XCConfigurationList section */
	};
	rootObject = 0F48EDE91CD1880900340FCB /* Project object */;
}
